
Microsoft Visual Studio Solution File, Format Version 12.00
# Visual Studio Version 17
VisualStudioVersion = 17.4.33122.133
MinimumVisualStudioVersion = 10.0.40219.1
Project("{FAE04EC0-301F-11D3-BF4B-00C04F79EFBC}") = "Chapter2", "Chapter2.csproj", "{FA269720-E84B-4DA0-BAF9-4F7A71EC02A3}"
EndProject
Global
	GlobalSection(SolutionConfigurationPlatforms) = preSolution
		Debug|Any CPU = Debug|Any CPU
		Release|Any CPU = Release|Any CPU
	EndGlobalSection
	GlobalSection(ProjectConfigurationPlatforms) = postSolution
		{FA269720-E84B-4DA0-BAF9-4F7A71EC02A3}.Debug|Any CPU.ActiveCfg = Debug|Any CPU
		{FA269720-E84B-4DA0-BAF9-4F7A71EC02A3}.Debug|Any CPU.Build.0 = Debug|Any CPU
		{FA269720-E84B-4DA0-BAF9-4F7A71EC02A3}.Release|Any CPU.ActiveCfg = Release|Any CPU
		{FA269720-E84B-4DA0-BAF9-4F7A71EC02A3}.Release|Any CPU.Build.0 = Release|Any CPU
	EndGlobalSection
	GlobalSection(SolutionProperties) = preSolution
		HideSolutionNode = FALSE
	EndGlobalSection
	GlobalSection(ExtensibilityGlobals) = postSolution
		SolutionGuid = {0D7C28E5-BD31-4C3B-994F-AD6F924262A8}
	EndGlobalSection
EndGlobal
